
Microsoft Visual Studio Solution File, Format Version 12.00
# Visual Studio 15
VisualStudioVersion = 15.0.28010.2046
MinimumVisualStudioVersion = 10.0.40219.1
Project("{FAE04EC0-301F-11D3-BF4B-00C04F79EFBC}") = "Lynda_CLRAssemblyRuntimeLoading", "Lynda_CLRAssemblyRuntimeLoading\Lynda_CLRAssemblyRuntimeLoading.csproj", "{EC6AE79E-CBEA-42DD-A4CA-2ACCCCFD8E30}"
EndProject
Global
	GlobalSection(SolutionConfigurationPlatforms) = preSolution
		Debug|Any CPU = Debug|Any CPU
		Release|Any CPU = Release|Any CPU
	EndGlobalSection
	GlobalSection(ProjectConfigurationPlatforms) = postSolution
		{EC6AE79E-CBEA-42DD-A4CA-2ACCCCFD8E30}.Debug|Any CPU.ActiveCfg = Debug|Any CPU
		{EC6AE79E-CBEA-42DD-A4CA-2ACCCCFD8E30}.Debug|Any CPU.Build.0 = Debug|Any CPU
		{EC6AE79E-CBEA-42DD-A4CA-2ACCCCFD8E30}.Release|Any CPU.ActiveCfg = Release|Any CPU
		{EC6AE79E-CBEA-42DD-A4CA-2ACCCCFD8E30}.Release|Any CPU.Build.0 = Release|Any CPU
	EndGlobalSection
	GlobalSection(SolutionProperties) = preSolution
		HideSolutionNode = FALSE
	EndGlobalSection
	GlobalSection(ExtensibilityGlobals) = postSolution
		SolutionGuid = {37FAF798-DCB5-44A6-B7FF-8D10764BCECC}
	EndGlobalSection
EndGlobal
