
Microsoft Visual Studio Solution File, Format Version 12.00
# Visual Studio 15
VisualStudioVersion = 15.0.28010.2046
MinimumVisualStudioVersion = 10.0.40219.1
Project("{FAE04EC0-301F-11D3-BF4B-00C04F79EFBC}") = "App", "App\App.csproj", "{84A47398-B40C-4F8F-B9CE-E9F2DCA3E356}"
EndProject
Project("{FAE04EC0-301F-11D3-BF4B-00C04F79EFBC}") = "Lib", "Lib\Lib.csproj", "{FC46AE91-5628-4CBB-A277-D23DF0846978}"
EndProject
Global
	GlobalSection(SolutionConfigurationPlatforms) = preSolution
		Debug|Any CPU = Debug|Any CPU
		Release|Any CPU = Release|Any CPU
	EndGlobalSection
	GlobalSection(ProjectConfigurationPlatforms) = postSolution
		{84A47398-B40C-4F8F-B9CE-E9F2DCA3E356}.Debug|Any CPU.ActiveCfg = Debug|Any CPU
		{84A47398-B40C-4F8F-B9CE-E9F2DCA3E356}.Debug|Any CPU.Build.0 = Debug|Any CPU
		{84A47398-B40C-4F8F-B9CE-E9F2DCA3E356}.Release|Any CPU.ActiveCfg = Release|Any CPU
		{84A47398-B40C-4F8F-B9CE-E9F2DCA3E356}.Release|Any CPU.Build.0 = Release|Any CPU
		{FC46AE91-5628-4CBB-A277-D23DF0846978}.Debug|Any CPU.ActiveCfg = Debug|Any CPU
		{FC46AE91-5628-4CBB-A277-D23DF0846978}.Debug|Any CPU.Build.0 = Debug|Any CPU
		{FC46AE91-5628-4CBB-A277-D23DF0846978}.Release|Any CPU.ActiveCfg = Release|Any CPU
		{FC46AE91-5628-4CBB-A277-D23DF0846978}.Release|Any CPU.Build.0 = Release|Any CPU
	EndGlobalSection
	GlobalSection(SolutionProperties) = preSolution
		HideSolutionNode = FALSE
	EndGlobalSection
	GlobalSection(ExtensibilityGlobals) = postSolution
		SolutionGuid = {37FAF798-DCB5-44A6-B7FF-8D10764BCECC}
	EndGlobalSection
EndGlobal
